
Microsoft Visual Studio Solution File, Format Version 12.00
# Visual Studio Version 16
VisualStudioVersion = 16.0.30114.105
MinimumVisualStudioVersion = 10.0.40219.1
Project("{FAE04EC0-301F-11D3-BF4B-00C04F79EFBC}") = "chetak", "chetak\chetak.csproj", "{EC408814-9AE9-4F8E-894B-05835618A615}"
EndProject
Project("{FAE04EC0-301F-11D3-BF4B-00C04F79EFBC}") = "pulsar", "pulsar\pulsar.csproj", "{C7F4075F-6063-481E-BA78-33D1D9014A89}"
EndProject
Global
	GlobalSection(SolutionConfigurationPlatforms) = preSolution
		Debug|Any CPU = Debug|Any CPU
		Release|Any CPU = Release|Any CPU
	EndGlobalSection
	GlobalSection(SolutionProperties) = preSolution
		HideSolutionNode = FALSE
	EndGlobalSection
	GlobalSection(ProjectConfigurationPlatforms) = postSolution
		{EC408814-9AE9-4F8E-894B-05835618A615}.Debug|Any CPU.ActiveCfg = Debug|Any CPU
		{EC408814-9AE9-4F8E-894B-05835618A615}.Debug|Any CPU.Build.0 = Debug|Any CPU
		{EC408814-9AE9-4F8E-894B-05835618A615}.Release|Any CPU.ActiveCfg = Release|Any CPU
		{EC408814-9AE9-4F8E-894B-05835618A615}.Release|Any CPU.Build.0 = Release|Any CPU
		{C7F4075F-6063-481E-BA78-33D1D9014A89}.Debug|Any CPU.ActiveCfg = Debug|Any CPU
		{C7F4075F-6063-481E-BA78-33D1D9014A89}.Debug|Any CPU.Build.0 = Debug|Any CPU
		{C7F4075F-6063-481E-BA78-33D1D9014A89}.Release|Any CPU.ActiveCfg = Release|Any CPU
		{C7F4075F-6063-481E-BA78-33D1D9014A89}.Release|Any CPU.Build.0 = Release|Any CPU
	EndGlobalSection
EndGlobal
